<?xml version="1.0" encoding="utf-8"?>
<Project ToolsVersion="4.0" xmlns="http://schemas.microsoft.com/developer/msbuild/2003">
  <ItemGroup>
    <Text Include="ReadMe.txt" />
  </ItemGroup>
  <ItemGroup>
    <Filter Include="lib">
      <UniqueIdentifier>{393fe87e-bd57-4f8b-9dae-84a9ffcdeab0}</UniqueIdentifier>
    </Filter>
    <Filter Include="tests">
      <UniqueIdentifier>{f25dfe29-5c33-4c8e-9bb8-96e0597a71df}</UniqueIdentifier>
    </Filter>
  </ItemGroup>
  <ItemGroup>
    <ClCompile Include="Program.cpp" />
    <ClCompile Include="tests\AlfuTest.cpp">
      <Filter>tests</Filter>
    </ClCompile>
    <ClCompile Include="tests\FifoTest.cpp">
      <Filter>tests</Filter>
    </ClCompile>
    <ClCompile Include="tests\LruTest.cpp">
      <Filter>tests</Filter>
    </ClCompile>
    <ClCompile Include="tests\Test.cpp">
      <Filter>tests</Filter>
    </ClCompile>
    <ClCompile Include="tests\Tester.cpp">
      <Filter>tests</Filter>
    </ClCompile>
  </ItemGroup>
  <ItemGroup>
    <ClInclude Include="lib\_cache.h">
      <Filter>lib</Filter>
    </ClInclude>
    <ClInclude Include="lib\alfu_cache.h">
      <Filter>lib</Filter>
    </ClInclude>
    <ClInclude Include="lib\cache.h">
      <Filter>lib</Filter>
    </ClInclude>
    <ClInclude Include="lib\fifo_cache.h">
      <Filter>lib</Filter>
    </ClInclude>
    <ClInclude Include="lib\lru_cache.h">
      <Filter>lib</Filter>
    </ClInclude>
    <ClInclude Include="tests\AlfuTest.h">
      <Filter>tests</Filter>
    </ClInclude>
    <ClInclude Include="tests\FifoTest.h">
      <Filter>tests</Filter>
    </ClInclude>
    <ClInclude Include="tests\LruTest.h">
      <Filter>tests</Filter>
    </ClInclude>
    <ClInclude Include="tests\Test.h">
      <Filter>tests</Filter>
    </ClInclude>
    <ClInclude Include="tests\Tester.h">
      <Filter>tests</Filter>
    </ClInclude>
  </ItemGroup>
</Project>