<?xml version="1.0" encoding="utf-8"?>
<Project ToolsVersion="4.0" xmlns="http://schemas.microsoft.com/developer/msbuild/2003">
  <ItemGroup>
    <Filter Include="Source Files">
      <UniqueIdentifier>{4FC737F1-C7A5-4376-A066-2A32D752A2FF}</UniqueIdentifier>
      <Extensions>cpp;c;cc;cxx;def;odl;idl;hpj;bat;asm;asmx</Extensions>
    </Filter>
    <Filter Include="Header Files">
      <UniqueIdentifier>{93995380-89BD-4b04-88EB-625FBE52EBFB}</UniqueIdentifier>
      <Extensions>h;hh;hpp;hxx;hm;inl;inc;xsd</Extensions>
    </Filter>
    <Filter Include="Resource Files">
      <UniqueIdentifier>{67DA6AB6-F800-4c08-8B7A-83BB121AAD01}</UniqueIdentifier>
      <Extensions>rc;ico;cur;bmp;dlg;rc2;rct;bin;rgs;gif;jpg;jpeg;jpe;resx;tiff;tif;png;wav;mfcribbon-ms</Extensions>
    </Filter>
    <Filter Include="Unit Tests">
      <UniqueIdentifier>{0f305fb6-a491-484c-92b5-875503e3aa62}</UniqueIdentifier>
    </Filter>
  </ItemGroup>
  <ItemGroup>
    <Text Include="ReadMe.txt" />
  </ItemGroup>
  <ItemGroup>
    <ClCompile Include="Program.cpp">
      <Filter>Source Files</Filter>
    </ClCompile>
    <ClCompile Include="FifoTest.cpp">
      <Filter>Unit Tests</Filter>
    </ClCompile>
    <ClCompile Include="LruTest.cpp">
      <Filter>Unit Tests</Filter>
    </ClCompile>
    <ClCompile Include="Tester.cpp">
      <Filter>Unit Tests</Filter>
    </ClCompile>
    <ClCompile Include="Test.cpp">
      <Filter>Unit Tests</Filter>
    </ClCompile>
    <ClCompile Include="AlfuTest.cpp">
      <Filter>Unit Tests</Filter>
    </ClCompile>
  </ItemGroup>
  <ItemGroup>
    <ClInclude Include="cache.h">
      <Filter>Header Files</Filter>
    </ClInclude>
    <ClInclude Include="FifoTest.h">
      <Filter>Unit Tests</Filter>
    </ClInclude>
    <ClInclude Include="fifo_cache.h">
      <Filter>Header Files</Filter>
    </ClInclude>
    <ClInclude Include="lru_cache.h">
      <Filter>Header Files</Filter>
    </ClInclude>
    <ClInclude Include="_cache.h">
      <Filter>Header Files</Filter>
    </ClInclude>
    <ClInclude Include="LruTest.h">
      <Filter>Unit Tests</Filter>
    </ClInclude>
    <ClInclude Include="Test.h">
      <Filter>Unit Tests</Filter>
    </ClInclude>
    <ClInclude Include="Tester.h">
      <Filter>Unit Tests</Filter>
    </ClInclude>
    <ClInclude Include="alfu_cache.h">
      <Filter>Header Files</Filter>
    </ClInclude>
    <ClInclude Include="AlfuTest.h">
      <Filter>Unit Tests</Filter>
    </ClInclude>
  </ItemGroup>
</Project>